lockfileVersion: '9.0'

settings:
  autoInstallPeers: true
  excludeLinksFromLockfile: false

importers:

  .:
    dependencies:
      dotenv:
        specifier: ^17.4.1
        version: 17.4.1
      emoji-name-map:
        specifier: ^2.0.3
        version: 2.0.3
      github-username-regex:
        specifier: ^1.0.0
        version: 1.0.0
      hono:
        specifier: ^4.12.12
        version: 4.12.12
      ofetch:
        specifier: ^1.5.1
        version: 1.5.1
      word-wrap:
        specifier: ^1.2.5
        version: 1.2.5
    devDependencies:
      '@hono/node-server':
        specifier: ^1.19.13
        version: 1.19.13(hono@4.12.12)

packages:

  '@hono/node-server@1.19.13':
    resolution: {integrity: sha512-TsQLe4i2gvoTtrHje625ngThGBySOgSK3Xo2XRYOdqGN1teR8+I7vchQC46uLJi8OF62YTYA3AhSpumtkhsaKQ==}
    engines: {node: '>=18.14.1'}
    peerDependencies:
      hono: ^4

  destr@2.0.5:
    resolution: {integrity: sha512-ugFTXCtDZunbzasqBxrK93Ik/DRYsO6S/fedkWEMKqt04xZ4csmnmwGDBAb07QWNaGMAmnTIemsYZCksjATwsA==}

  dotenv@17.4.1:
    resolution: {integrity: sha512-k8DaKGP6r1G30Lx8V4+pCsLzKr8vLmV2paqEj1Y55GdAgJuIqpRp5FfajGF8KtwMxCz9qJc6wUIJnm053d/WCw==}
    engines: {node: '>=12'}

  emoji-name-map@2.0.3:
    resolution: {integrity: sha512-3KBuQuhYkRtLd9utBKfTtclbWP3IytC1FNcXg+NKARltPSYpkg/MLiklGv4vLwl8A8jMQjdneXNBYx8k0rrg+g==}

  github-username-regex@1.0.0:
    resolution: {integrity: sha512-EqDVkN0/5MQyDPOSDLInVRRXdeISRfcN1UW/1FUqD2knV1HHw8DndMB3UPNn5lO51DvRnjzbLXwWqNNV86PLOw==}

  hono@4.12.12:
    resolution: {integrity: sha512-p1JfQMKaceuCbpJKAPKVqyqviZdS0eUxH9v82oWo1kb9xjQ5wA6iP3FNVAPDFlz5/p7d45lO+BpSk1tuSZMF4Q==}
    engines: {node: '>=16.9.0'}

  node-fetch-native@1.6.7:
    resolution: {integrity: sha512-g9yhqoedzIUm0nTnTqAQvueMPVOuIY16bqgAJJC8XOOubYFNwz6IER9qs0Gq2Xd0+CecCKFjtdDTMA4u4xG06Q==}

  ofetch@1.5.1:
    resolution: {integrity: sha512-2W4oUZlVaqAPAil6FUg/difl6YhqhUR7x2eZY4bQCko22UXg3hptq9KLQdqFClV+Wu85UX7hNtdGTngi/1BxcA==}

  ufo@1.6.3:
    resolution: {integrity: sha512-yDJTmhydvl5lJzBmy/hyOAA0d+aqCBuwl818haVdYCRrWV84o7YyeVm4QlVHStqNrrJSTb6jKuFAVqAFsr+K3Q==}

  word-wrap@1.2.5:
    resolution: {integrity: sha512-BN22B5eaMMI9UMtjrGd5g5eCYPpCPDUy0FJXbYsaT5zYxjFOckS53SQDE3pWkVoWpHXVb3BrYcEN4Twa55B5cA==}
    engines: {node: '>=0.10.0'}

snapshots:

  '@hono/node-server@1.19.13(hono@4.12.12)':
    dependencies:
      hono: 4.12.12

  destr@2.0.5: {}

  dotenv@17.4.1: {}

  emoji-name-map@2.0.3: {}

  github-username-regex@1.0.0: {}

  hono@4.12.12: {}

  node-fetch-native@1.6.7: {}

  ofetch@1.5.1:
    dependencies:
      destr: 2.0.5
      node-fetch-native: 1.6.7
      ufo: 1.6.3

  ufo@1.6.3: {}

  word-wrap@1.2.5: {}
